// !$*UTF8*$!
{
	archiveVersion = 1;
	classes = {
	};
	objectVersion = 45;
	objects = {

/* Begin PBXBuildFile section */
		1D3623260D0F684500981E51 /* LexikonAppDelegate.m in Sources */ = {isa = PBXBuildFile; fileRef = 1D3623250D0F684500981E51 /* LexikonAppDelegate.m */; };
		1D60589B0D05DD56006BFB54 /* main.m in Sources */ = {isa = PBXBuildFile; fileRef = 29B97316FDCFA39411CA2CEA /* main.m */; };
		1D60589F0D05DD5A006BFB54 /* Foundation.framework in Frameworks */ = {isa = PBXBuildFile; fileRef = 1D30AB110D05D00D00671497 /* Foundation.framework */; };
		1DF5F4E00D08C38300B7A737 /* UIKit.framework in Frameworks */ = {isa = PBXBuildFile; fileRef = 1DF5F4DF0D08C38300B7A737 /* UIKit.framework */; };
		288765FD0DF74451002DB57D /* CoreGraphics.framework in Frameworks */ = {isa = PBXBuildFile; fileRef = 288765FC0DF74451002DB57D /* CoreGraphics.framework */; };
		3C0911FF0EDDA7AF00A982E9 /* libsqlite3.dylib in Frameworks */ = {isa = PBXBuildFile; fileRef = 3C0911FE0EDDA7AF00A982E9 /* libsqlite3.dylib */; };
		3C0B82520F420FBA005AB976 /* MainViewController.m in Sources */ = {isa = PBXBuildFile; fileRef = 3C0B82510F420FBA005AB976 /* MainViewController.m */; };
		3C3C29C60EE6DC0800028066 /* Icon.png in Resources */ = {isa = PBXBuildFile; fileRef = 3C3C29C50EE6DC0800028066 /* Icon.png */; };
		3C3D99120F447ECD0015EAB1 /* FMResultSet.m in Sources */ = {isa = PBXBuildFile; fileRef = 3C3D990C0F447ECD0015EAB1 /* FMResultSet.m */; };
		3C3D99130F447ECD0015EAB1 /* FMDatabase.m in Sources */ = {isa = PBXBuildFile; fileRef = 3C3D990E0F447ECD0015EAB1 /* FMDatabase.m */; };
		3C3D99140F447ECD0015EAB1 /* FMDatabaseAdditions.m in Sources */ = {isa = PBXBuildFile; fileRef = 3C3D99100F447ECD0015EAB1 /* FMDatabaseAdditions.m */; };
		3C52BB490F0EB69D006C34C1 /* Default.png in Resources */ = {isa = PBXBuildFile; fileRef = 3C52BB480F0EB69D006C34C1 /* Default.png */; };
		3C7E70890ED5F2B50022B3A9 /* database.sqlite3 in Resources */ = {isa = PBXBuildFile; fileRef = 3C7E70880ED5F2B50022B3A9 /* database.sqlite3 */; };
		3CAD0D450EE7EFBB003C1C97 /* DetailViewController.m in Sources */ = {isa = PBXBuildFile; fileRef = 3CAD0D440EE7EFBB003C1C97 /* DetailViewController.m */; };
		3CB9C87D0EED4674001753BD /* translationTemplate.html in Resources */ = {isa = PBXBuildFile; fileRef = 3CB9C87C0EED4674001753BD /* translationTemplate.html */; };
		3CD141670F4759DC0005BB62 /* MainWindow.xib in Resources */ = {isa = PBXBuildFile; fileRef = 3CD141660F4759DC0005BB62 /* MainWindow.xib */; };
		3CD1416D0F475E7F0005BB62 /* Localizable.strings in Resources */ = {isa = PBXBuildFile; fileRef = 3CD1416B0F475E7F0005BB62 /* Localizable.strings */; };
		3CD141D10F47804C0005BB62 /* aboutView.html in Resources */ = {isa = PBXBuildFile; fileRef = 3CDAEC6B0F0FEE34000A0C6E /* aboutView.html */; };
		3CD1B33E0F128B96000D44AD /* CoreLocation.framework in Frameworks */ = {isa = PBXBuildFile; fileRef = 3CD1B33D0F128B96000D44AD /* CoreLocation.framework */; };
		3CD1B3420F128BA2000D44AD /* SystemConfiguration.framework in Frameworks */ = {isa = PBXBuildFile; fileRef = 3CD1B3410F128BA2000D44AD /* SystemConfiguration.framework */; };
		3CDAEC670F0FECB2000A0C6E /* AboutView.xib in Resources */ = {isa = PBXBuildFile; fileRef = 3CDAEC660F0FECB2000A0C6E /* AboutView.xib */; };
		3CDAEC6A0F0FED5F000A0C6E /* clockwiseLogo.png in Resources */ = {isa = PBXBuildFile; fileRef = 3CDAEC690F0FED5F000A0C6E /* clockwiseLogo.png */; };
		3CDAEC6F0F0FEFD6000A0C6E /* AboutViewController.m in Sources */ = {isa = PBXBuildFile; fileRef = 3CDAEC6E0F0FEFD6000A0C6E /* AboutViewController.m */; };
		3CDAEDDE0F1029EB000A0C6E /* lexikonIcon.png in Resources */ = {isa = PBXBuildFile; fileRef = 3CDAEDDD0F1029EB000A0C6E /* lexikonIcon.png */; };
		3CEE1E580F3F8284000AE3F6 /* SearchSuggestionsController.m in Sources */ = {isa = PBXBuildFile; fileRef = 3CEE1E570F3F8284000AE3F6 /* SearchSuggestionsController.m */; };
		3CEE1E5C0F3F837D000AE3F6 /* SearchSuggestions.xib in Resources */ = {isa = PBXBuildFile; fileRef = 3CEE1E5B0F3F837D000AE3F6 /* SearchSuggestions.xib */; };
		3CEE1E7A0F404D99000AE3F6 /* searchSuggestionsDropShadow.png in Resources */ = {isa = PBXBuildFile; fileRef = 3CEE1E790F404D99000AE3F6 /* searchSuggestionsDropShadow.png */; };
		3CF7D6510EE555030086D98C /* LICENSE.txt in Resources */ = {isa = PBXBuildFile; fileRef = 3CF7D64D0EE555030086D98C /* LICENSE.txt */; };
		3CF7D6570EE555120086D98C /* Word.m in Sources */ = {isa = PBXBuildFile; fileRef = 3CF7D6550EE555120086D98C /* Word.m */; };
/* End PBXBuildFile section */

/* Begin PBXFileReference section */
		1D30AB110D05D00D00671497 /* Foundation.framework */ = {isa = PBXFileReference; lastKnownFileType = wrapper.framework; name = Foundation.framework; path = System/Library/Frameworks/Foundation.framework; sourceTree = SDKROOT; };
		1D3623240D0F684500981E51 /* LexikonAppDelegate.h */ = {isa = PBXFileReference; fileEncoding = 4; lastKnownFileType = sourcecode.c.h; name = LexikonAppDelegate.h; path = Classes/LexikonAppDelegate.h; sourceTree = "<group>"; };
		1D3623250D0F684500981E51 /* LexikonAppDelegate.m */ = {isa = PBXFileReference; fileEncoding = 4; lastKnownFileType = sourcecode.c.objc; name = LexikonAppDelegate.m; path = Classes/LexikonAppDelegate.m; sourceTree = "<group>"; };
		1D6058910D05DD3D006BFB54 /* Lexikon.app */ = {isa = PBXFileReference; explicitFileType = wrapper.application; includeInIndex = 0; path = Lexikon.app; sourceTree = BUILT_PRODUCTS_DIR; };
		1DF5F4DF0D08C38300B7A737 /* UIKit.framework */ = {isa = PBXFileReference; lastKnownFileType = wrapper.framework; name = UIKit.framework; path = System/Library/Frameworks/UIKit.framework; sourceTree = SDKROOT; };
		288765FC0DF74451002DB57D /* CoreGraphics.framework */ = {isa = PBXFileReference; lastKnownFileType = wrapper.framework; name = CoreGraphics.framework; path = System/Library/Frameworks/CoreGraphics.framework; sourceTree = SDKROOT; };
		28AD733E0D9D9553002E5188 /* English */ = {isa = PBXFileReference; lastKnownFileType = file.xib; name = English; path = English.lproj/MainWindow.xib; sourceTree = "<group>"; };
		29B97316FDCFA39411CA2CEA /* main.m */ = {isa = PBXFileReference; fileEncoding = 4; lastKnownFileType = sourcecode.c.objc; path = main.m; sourceTree = "<group>"; };
		32CA4F630368D1EE00C91783 /* Lexikon_Prefix.pch */ = {isa = PBXFileReference; fileEncoding = 4; lastKnownFileType = sourcecode.c.h; path = Lexikon_Prefix.pch; sourceTree = "<group>"; };
		3C0911FE0EDDA7AF00A982E9 /* libsqlite3.dylib */ = {isa = PBXFileReference; lastKnownFileType = "compiled.mach-o.dylib"; name = libsqlite3.dylib; path = usr/lib/libsqlite3.dylib; sourceTree = SDKROOT; };
		3C0B82510F420FBA005AB976 /* MainViewController.m */ = {isa = PBXFileReference; fileEncoding = 4; lastKnownFileType = sourcecode.c.objc; path = MainViewController.m; sourceTree = "<group>"; };
		3C3C29C50EE6DC0800028066 /* Icon.png */ = {isa = PBXFileReference; lastKnownFileType = image.png; path = Icon.png; sourceTree = "<group>"; };
		3C3D990C0F447ECD0015EAB1 /* FMResultSet.m */ = {isa = PBXFileReference; fileEncoding = 4; lastKnownFileType = sourcecode.c.objc; name = FMResultSet.m; path = Classes/fmdb/FMResultSet.m; sourceTree = "<group>"; };
		3C3D990D0F447ECD0015EAB1 /* FMResultSet.h */ = {isa = PBXFileReference; fileEncoding = 4; lastKnownFileType = sourcecode.c.h; name = FMResultSet.h; path = Classes/fmdb/FMResultSet.h; sourceTree = "<group>"; };
		3C3D990E0F447ECD0015EAB1 /* FMDatabase.m */ = {isa = PBXFileReference; fileEncoding = 4; lastKnownFileType = sourcecode.c.objc; name = FMDatabase.m; path = Classes/fmdb/FMDatabase.m; sourceTree = "<group>"; };
		3C3D990F0F447ECD0015EAB1 /* FMDatabase.h */ = {isa = PBXFileReference; fileEncoding = 4; lastKnownFileType = sourcecode.c.h; name = FMDatabase.h; path = Classes/fmdb/FMDatabase.h; sourceTree = "<group>"; };
		3C3D99100F447ECD0015EAB1 /* FMDatabaseAdditions.m */ = {isa = PBXFileReference; fileEncoding = 4; lastKnownFileType = sourcecode.c.objc; name = FMDatabaseAdditions.m; path = Classes/fmdb/FMDatabaseAdditions.m; sourceTree = "<group>"; };
		3C3D99110F447ECD0015EAB1 /* FMDatabaseAdditions.h */ = {isa = PBXFileReference; fileEncoding = 4; lastKnownFileType = sourcecode.c.h; name = FMDatabaseAdditions.h; path = Classes/fmdb/FMDatabaseAdditions.h; sourceTree = "<group>"; };
		3C52BB480F0EB69D006C34C1 /* Default.png */ = {isa = PBXFileReference; lastKnownFileType = image.png; path = Default.png; sourceTree = "<group>"; };
		3C7E70880ED5F2B50022B3A9 /* database.sqlite3 */ = {isa = PBXFileReference; lastKnownFileType = file; path = database.sqlite3; sourceTree = "<group>"; };
		3CAD0D430EE7EFBB003C1C97 /* DetailViewController.h */ = {isa = PBXFileReference; fileEncoding = 4; lastKnownFileType = sourcecode.c.h; name = DetailViewController.h; path = Classes/DetailViewController.h; sourceTree = "<group>"; };
		3CAD0D440EE7EFBB003C1C97 /* DetailViewController.m */ = {isa = PBXFileReference; fileEncoding = 4; lastKnownFileType = sourcecode.c.objc; name = DetailViewController.m; path = Classes/DetailViewController.m; sourceTree = "<group>"; };
		3CB9C87C0EED4674001753BD /* translationTemplate.html */ = {isa = PBXFileReference; fileEncoding = 4; lastKnownFileType = text.html; path = translationTemplate.html; sourceTree = "<group>"; };
		3CD141680F4759E80005BB62 /* Swedish */ = {isa = PBXFileReference; lastKnownFileType = file.xib; name = Swedish; path = Swedish.lproj/MainWindow.xib; sourceTree = "<group>"; };
		3CD1416C0F475E7F0005BB62 /* English */ = {isa = PBXFileReference; fileEncoding = 4; lastKnownFileType = text.plist.strings; name = English; path = English.lproj/Localizable.strings; sourceTree = "<group>"; };
		3CD1416E0F475E890005BB62 /* Swedish */ = {isa = PBXFileReference; lastKnownFileType = text.plist.strings; name = Swedish; path = Swedish.lproj/Localizable.strings; sourceTree = "<group>"; };
		3CD1B33D0F128B96000D44AD /* CoreLocation.framework */ = {isa = PBXFileReference; lastKnownFileType = wrapper.framework; name = CoreLocation.framework; path = System/Library/Frameworks/CoreLocation.framework; sourceTree = SDKROOT; };
		3CD1B3410F128BA2000D44AD /* SystemConfiguration.framework */ = {isa = PBXFileReference; lastKnownFileType = wrapper.framework; name = SystemConfiguration.framework; path = System/Library/Frameworks/SystemConfiguration.framework; sourceTree = SDKROOT; };
		3CDAEC660F0FECB2000A0C6E /* AboutView.xib */ = {isa = PBXFileReference; lastKnownFileType = file.xib; path = AboutView.xib; sourceTree = "<group>"; };
		3CDAEC690F0FED5F000A0C6E /* clockwiseLogo.png */ = {isa = PBXFileReference; lastKnownFileType = image.png; path = clockwiseLogo.png; sourceTree = "<group>"; };
		3CDAEC6B0F0FEE34000A0C6E /* aboutView.html */ = {isa = PBXFileReference; fileEncoding = 4; lastKnownFileType = text.html; path = aboutView.html; sourceTree = "<group>"; };
		3CDAEC6D0F0FEFD6000A0C6E /* AboutViewController.h */ = {isa = PBXFileReference; fileEncoding = 4; lastKnownFileType = sourcecode.c.h; path = AboutViewController.h; sourceTree = "<group>"; };
		3CDAEC6E0F0FEFD6000A0C6E /* AboutViewController.m */ = {isa = PBXFileReference; fileEncoding = 4; lastKnownFileType = sourcecode.c.objc; path = AboutViewController.m; sourceTree = "<group>"; };
		3CDAEDDD0F1029EB000A0C6E /* lexikonIcon.png */ = {isa = PBXFileReference; lastKnownFileType = image.png; path = lexikonIcon.png; sourceTree = "<group>"; };
		3CEE1E560F3F8284000AE3F6 /* SearchSuggestionsController.h */ = {isa = PBXFileReference; fileEncoding = 4; lastKnownFileType = sourcecode.c.h; path = SearchSuggestionsController.h; sourceTree = "<group>"; };
		3CEE1E570F3F8284000AE3F6 /* SearchSuggestionsController.m */ = {isa = PBXFileReference; fileEncoding = 4; lastKnownFileType = sourcecode.c.objc; path = SearchSuggestionsController.m; sourceTree = "<group>"; };
		3CEE1E5B0F3F837D000AE3F6 /* SearchSuggestions.xib */ = {isa = PBXFileReference; lastKnownFileType = file.xib; path = SearchSuggestions.xib; sourceTree = "<group>"; };
		3CEE1E790F404D99000AE3F6 /* searchSuggestionsDropShadow.png */ = {isa = PBXFileReference; lastKnownFileType = image.png; path = searchSuggestionsDropShadow.png; sourceTree = "<group>"; };
		3CF7D64D0EE555030086D98C /* LICENSE.txt */ = {isa = PBXFileReference; fileEncoding = 4; lastKnownFileType = text; name = LICENSE.txt; path = Classes/LICENSE.txt; sourceTree = "<group>"; };
		3CF7D6520EE555120086D98C /* MainViewController.h */ = {isa = PBXFileReference; fileEncoding = 4; lastKnownFileType = sourcecode.c.h; name = MainViewController.h; path = Classes/MainViewController.h; sourceTree = "<group>"; };
		3CF7D6540EE555120086D98C /* Word.h */ = {isa = PBXFileReference; fileEncoding = 4; lastKnownFileType = sourcecode.c.h; name = Word.h; path = Classes/Word.h; sourceTree = "<group>"; };
		3CF7D6550EE555120086D98C /* Word.m */ = {isa = PBXFileReference; fileEncoding = 4; lastKnownFileType = sourcecode.c.objc; name = Word.m; path = Classes/Word.m; sourceTree = "<group>"; };
		8D1107310486CEB800E47090 /* Info.plist */ = {isa = PBXFileReference; fileEncoding = 4; lastKnownFileType = text.plist.xml; path = Info.plist; sourceTree = "<group>"; };
/* End PBXFileReference section */

/* Begin PBXFrameworksBuildPhase section */
		1D60588F0D05DD3D006BFB54 /* Frameworks */ = {
			isa = PBXFrameworksBuildPhase;
			buildActionMask = 2147483647;
			files = (
				1D60589F0D05DD5A006BFB54 /* Foundation.framework in Frameworks */,
				1DF5F4E00D08C38300B7A737 /* UIKit.framework in Frameworks */,
				288765FD0DF74451002DB57D /* CoreGraphics.framework in Frameworks */,
				3C0911FF0EDDA7AF00A982E9 /* libsqlite3.dylib in Frameworks */,
				3CD1B33E0F128B96000D44AD /* CoreLocation.framework in Frameworks */,
				3CD1B3420F128BA2000D44AD /* SystemConfiguration.framework in Frameworks */,
			);
			runOnlyForDeploymentPostprocessing = 0;
		};
/* End PBXFrameworksBuildPhase section */

/* Begin PBXGroup section */
		080E96DDFE201D6D7F000001 /* User Interface */ = {
			isa = PBXGroup;
			children = (
			);
			name = "User Interface";
			path = Classes;
			sourceTree = "<group>";
		};
		19C28FACFE9D520D11CA2CBB /* Products */ = {
			isa = PBXGroup;
			children = (
				1D6058910D05DD3D006BFB54 /* Lexikon.app */,
			);
			name = Products;
			sourceTree = "<group>";
		};
		29B97314FDCFA39411CA2CEA /* CustomTemplate */ = {
			isa = PBXGroup;
			children = (
				3CE4FBC90EB9FED10088EBD7 /* Classes */,
				080E96DDFE201D6D7F000001 /* User Interface */,
				29B97315FDCFA39411CA2CEA /* Other Sources */,
				29B97317FDCFA39411CA2CEA /* Resources */,
				29B97323FDCFA39411CA2CEA /* Frameworks */,
				19C28FACFE9D520D11CA2CBB /* Products */,
				3CD1B33D0F128B96000D44AD /* CoreLocation.framework */,
				3CD1B3410F128BA2000D44AD /* SystemConfiguration.framework */,
			);
			name = CustomTemplate;
			sourceTree = "<group>";
		};
		29B97315FDCFA39411CA2CEA /* Other Sources */ = {
			isa = PBXGroup;
			children = (
				32CA4F630368D1EE00C91783 /* Lexikon_Prefix.pch */,
				29B97316FDCFA39411CA2CEA /* main.m */,
			);
			name = "Other Sources";
			sourceTree = "<group>";
		};
		29B97317FDCFA39411CA2CEA /* Resources */ = {
			isa = PBXGroup;
			children = (
				3CD1416B0F475E7F0005BB62 /* Localizable.strings */,
				3CD141660F4759DC0005BB62 /* MainWindow.xib */,
				3CDAEC660F0FECB2000A0C6E /* AboutView.xib */,
				3CEE1E5B0F3F837D000AE3F6 /* SearchSuggestions.xib */,
				3CDAEDE00F1029F1000A0C6E /* HTML */,
				3C52BB480F0EB69D006C34C1 /* Default.png */,
				3C3C29C50EE6DC0800028066 /* Icon.png */,
				3CEE1E790F404D99000AE3F6 /* searchSuggestionsDropShadow.png */,
				3C7E70880ED5F2B50022B3A9 /* database.sqlite3 */,
				8D1107310486CEB800E47090 /* Info.plist */,
			);
			name = Resources;
			sourceTree = "<group>";
		};
		29B97323FDCFA39411CA2CEA /* Frameworks */ = {
			isa = PBXGroup;
			children = (
				3C0911FE0EDDA7AF00A982E9 /* libsqlite3.dylib */,
				1DF5F4DF0D08C38300B7A737 /* UIKit.framework */,
				1D30AB110D05D00D00671497 /* Foundation.framework */,
				288765FC0DF74451002DB57D /* CoreGraphics.framework */,
			);
			name = Frameworks;
			sourceTree = "<group>";
		};
		3C0910F70EDCB7E700A982E9 /* fmdb */ = {
			isa = PBXGroup;
			children = (
				3C3D990C0F447ECD0015EAB1 /* FMResultSet.m */,
				3C3D990D0F447ECD0015EAB1 /* FMResultSet.h */,
				3C3D990E0F447ECD0015EAB1 /* FMDatabase.m */,
				3C3D990F0F447ECD0015EAB1 /* FMDatabase.h */,
				3C3D99100F447ECD0015EAB1 /* FMDatabaseAdditions.m */,
				3C3D99110F447ECD0015EAB1 /* FMDatabaseAdditions.h */,
				3CF7D64D0EE555030086D98C /* LICENSE.txt */,
			);
			name = fmdb;
			sourceTree = "<group>";
		};
		3CDAEDE00F1029F1000A0C6E /* HTML */ = {
			isa = PBXGroup;
			children = (
				3CDAEDDD0F1029EB000A0C6E /* lexikonIcon.png */,
				3CDAEC6B0F0FEE34000A0C6E /* aboutView.html */,
				3CDAEC690F0FED5F000A0C6E /* clockwiseLogo.png */,
				3CB9C87C0EED4674001753BD /* translationTemplate.html */,
			);
			name = HTML;
			sourceTree = "<group>";
		};
		3CE4FBC90EB9FED10088EBD7 /* Classes */ = {
			isa = PBXGroup;
			children = (
				1D3623240D0F684500981E51 /* LexikonAppDelegate.h */,
				1D3623250D0F684500981E51 /* LexikonAppDelegate.m */,
				3CF7D6520EE555120086D98C /* MainViewController.h */,
				3C0B82510F420FBA005AB976 /* MainViewController.m */,
				3CEE1E560F3F8284000AE3F6 /* SearchSuggestionsController.h */,
				3CEE1E570F3F8284000AE3F6 /* SearchSuggestionsController.m */,
				3CAD0D430EE7EFBB003C1C97 /* DetailViewController.h */,
				3CAD0D440EE7EFBB003C1C97 /* DetailViewController.m */,
				3CDAEC6D0F0FEFD6000A0C6E /* AboutViewController.h */,
				3CDAEC6E0F0FEFD6000A0C6E /* AboutViewController.m */,
				3CF7D6540EE555120086D98C /* Word.h */,
				3CF7D6550EE555120086D98C /* Word.m */,
				3C0910F70EDCB7E700A982E9 /* fmdb */,
			);
			name = Classes;
			sourceTree = "<group>";
		};
/* End PBXGroup section */

/* Begin PBXNativeTarget section */
		1D6058900D05DD3D006BFB54 /* Lexikon */ = {
			isa = PBXNativeTarget;
			buildConfigurationList = 1D6058960D05DD3E006BFB54 /* Build configuration list for PBXNativeTarget "Lexikon" */;
			buildPhases = (
				1D60588D0D05DD3D006BFB54 /* Resources */,
				1D60588E0D05DD3D006BFB54 /* Sources */,
				1D60588F0D05DD3D006BFB54 /* Frameworks */,
			);
			buildRules = (
			);
			dependencies = (
			);
			name = Lexikon;
			productName = Lexikon;
			productReference = 1D6058910D05DD3D006BFB54 /* Lexikon.app */;
			productType = "com.apple.product-type.application";
		};
/* End PBXNativeTarget section */

/* Begin PBXProject section */
		29B97313FDCFA39411CA2CEA /* Project object */ = {
			isa = PBXProject;
			buildConfigurationList = C01FCF4E08A954540054247B /* Build configuration list for PBXProject "Lexikon" */;
			compatibilityVersion = "Xcode 3.1";
			hasScannedForEncodings = 1;
			knownRegions = (
				English,
				Japanese,
				French,
				German,
				Swedish,
			);
			mainGroup = 29B97314FDCFA39411CA2CEA /* CustomTemplate */;
			projectDirPath = "";
			projectRoot = "";
			targets = (
				1D6058900D05DD3D006BFB54 /* Lexikon */,
			);
		};
/* End PBXProject section */

/* Begin PBXResourcesBuildPhase section */
		1D60588D0D05DD3D006BFB54 /* Resources */ = {
			isa = PBXResourcesBuildPhase;
			buildActionMask = 2147483647;
			files = (
				3CD141670F4759DC0005BB62 /* MainWindow.xib in Resources */,
				3C7E70890ED5F2B50022B3A9 /* database.sqlite3 in Resources */,
				3CF7D6510EE555030086D98C /* LICENSE.txt in Resources */,
				3C3C29C60EE6DC0800028066 /* Icon.png in Resources */,
				3CB9C87D0EED4674001753BD /* translationTemplate.html in Resources */,
				3C52BB490F0EB69D006C34C1 /* Default.png in Resources */,
				3CDAEC670F0FECB2000A0C6E /* AboutView.xib in Resources */,
				3CDAEC6A0F0FED5F000A0C6E /* clockwiseLogo.png in Resources */,
				3CD141D10F47804C0005BB62 /* aboutView.html in Resources */,
				3CDAEDDE0F1029EB000A0C6E /* lexikonIcon.png in Resources */,
				3CEE1E5C0F3F837D000AE3F6 /* SearchSuggestions.xib in Resources */,
				3CEE1E7A0F404D99000AE3F6 /* searchSuggestionsDropShadow.png in Resources */,
				3CD1416D0F475E7F0005BB62 /* Localizable.strings in Resources */,
			);
			runOnlyForDeploymentPostprocessing = 0;
		};
/* End PBXResourcesBuildPhase section */

/* Begin PBXSourcesBuildPhase section */
		1D60588E0D05DD3D006BFB54 /* Sources */ = {
			isa = PBXSourcesBuildPhase;
			buildActionMask = 2147483647;
			files = (
				1D60589B0D05DD56006BFB54 /* main.m in Sources */,
				1D3623260D0F684500981E51 /* LexikonAppDelegate.m in Sources */,
				3CF7D6570EE555120086D98C /* Word.m in Sources */,
				3CAD0D450EE7EFBB003C1C97 /* DetailViewController.m in Sources */,
				3CDAEC6F0F0FEFD6000A0C6E /* AboutViewController.m in Sources */,
				3CEE1E580F3F8284000AE3F6 /* SearchSuggestionsController.m in Sources */,
				3C0B82520F420FBA005AB976 /* MainViewController.m in Sources */,
				3C3D99120F447ECD0015EAB1 /* FMResultSet.m in Sources */,
				3C3D99130F447ECD0015EAB1 /* FMDatabase.m in Sources */,
				3C3D99140F447ECD0015EAB1 /* FMDatabaseAdditions.m in Sources */,
			);
			runOnlyForDeploymentPostprocessing = 0;
		};
/* End PBXSourcesBuildPhase section */

/* Begin PBXVariantGroup section */
		3CD141660F4759DC0005BB62 /* MainWindow.xib */ = {
			isa = PBXVariantGroup;
			children = (
				28AD733E0D9D9553002E5188 /* English */,
				3CD141680F4759E80005BB62 /* Swedish */,
			);
			name = MainWindow.xib;
			sourceTree = "<group>";
		};
		3CD1416B0F475E7F0005BB62 /* Localizable.strings */ = {
			isa = PBXVariantGroup;
			children = (
				3CD1416C0F475E7F0005BB62 /* English */,
				3CD1416E0F475E890005BB62 /* Swedish */,
			);
			name = Localizable.strings;
			sourceTree = "<group>";
		};
/* End PBXVariantGroup section */

/* Begin XCBuildConfiguration section */
		1D6058940D05DD3E006BFB54 /* Debug */ = {
			isa = XCBuildConfiguration;
			buildSettings = {
				ALWAYS_SEARCH_USER_PATHS = NO;
				COPY_PHASE_STRIP = NO;
				GCC_DYNAMIC_NO_PIC = NO;
				GCC_OPTIMIZATION_LEVEL = 0;
				GCC_PRECOMPILE_PREFIX_HEADER = YES;
				GCC_PREFIX_HEADER = Lexikon_Prefix.pch;
				INFOPLIST_FILE = Info.plist;
				LIBRARY_SEARCH_PATHS = (
					"$(inherited)",
					"\"$(SRCROOT)/Pinch Analytics\"",
				);
				PRODUCT_NAME = Lexikon;
			};
			name = Debug;
		};
		1D6058950D05DD3E006BFB54 /* Release */ = {
			isa = XCBuildConfiguration;
			buildSettings = {
				ALWAYS_SEARCH_USER_PATHS = NO;
				COPY_PHASE_STRIP = YES;
				GCC_PRECOMPILE_PREFIX_HEADER = YES;
				GCC_PREFIX_HEADER = Lexikon_Prefix.pch;
				INFOPLIST_FILE = Info.plist;
				LIBRARY_SEARCH_PATHS = (
					"$(inherited)",
					"\"$(SRCROOT)/Pinch Analytics\"",
				);
				PRODUCT_NAME = Lexikon;
			};
			name = Release;
		};
		3CA7D3AB0EBDCDE400565EC2 /* Distribution */ = {
			isa = XCBuildConfiguration;
			buildSettings = {
				ARCHS = "$(ARCHS_STANDARD_32_BIT)";
				"CODE_SIGN_IDENTITY[sdk=iphoneos*]" = "iPhone Distribution: Caleb Jaffa";
				CURRENT_PROJECT_VERSION = 22;
				GCC_C_LANGUAGE_STANDARD = c99;
				GCC_WARN_ABOUT_RETURN_TYPE = YES;
				GCC_WARN_UNUSED_VARIABLE = YES;
				PREBINDING = NO;
				"PROVISIONING_PROFILE[sdk=iphoneos*]" = "B8CFA18E-CEDC-44D5-9E04-B907EC656641";
				SDKROOT = iphoneos2.1;
				VERSIONING_SYSTEM = "apple-generic";
			};
			name = Distribution;
		};
		3CA7D3AC0EBDCDE400565EC2 /* Distribution */ = {
			isa = XCBuildConfiguration;
			buildSettings = {
				ALWAYS_SEARCH_USER_PATHS = NO;
				COPY_PHASE_STRIP = YES;
				GCC_PRECOMPILE_PREFIX_HEADER = YES;
				GCC_PREFIX_HEADER = Lexikon_Prefix.pch;
				INFOPLIST_FILE = Info.plist;
				LIBRARY_SEARCH_PATHS = (
					"$(inherited)",
					"\"$(SRCROOT)/Pinch Analytics\"",
				);
				PRODUCT_NAME = Lexikon;
			};
			name = Distribution;
		};
		C01FCF4F08A954540054247B /* Debug */ = {
			isa = XCBuildConfiguration;
			buildSettings = {
				ARCHS = "$(ARCHS_STANDARD_32_BIT)";
				"CODE_SIGN_IDENTITY[sdk=iphoneos*]" = "iPhone Developer";
				CURRENT_PROJECT_VERSION = 22;
				DEBUG = 1;
				GCC_C_LANGUAGE_STANDARD = c99;
				GCC_WARN_ABOUT_RETURN_TYPE = YES;
				GCC_WARN_UNUSED_VARIABLE = YES;
				ONLY_ACTIVE_ARCH = YES;
				PREBINDING = NO;
				SDKROOT = iphoneos2.1;
				VERSIONING_SYSTEM = "apple-generic";
			};
			name = Debug;
		};
		C01FCF5008A954540054247B /* Release */ = {
			isa = XCBuildConfiguration;
			buildSettings = {
				ARCHS = "$(ARCHS_STANDARD_32_BIT)";
				"CODE_SIGN_IDENTITY[sdk=iphoneos*]" = "iPhone Developer";
				CURRENT_PROJECT_VERSION = 22;
				GCC_C_LANGUAGE_STANDARD = c99;
				GCC_WARN_ABOUT_RETURN_TYPE = YES;
				GCC_WARN_UNUSED_VARIABLE = YES;
				PREBINDING = NO;
				SDKROOT = iphoneos2.1;
				VERSIONING_SYSTEM = "apple-generic";
			};
			name = Release;
		};
/* End XCBuildConfiguration section */

/* Begin XCConfigurationList section */
		1D6058960D05DD3E006BFB54 /* Build configuration list for PBXNativeTarget "Lexikon" */ = {
			isa = XCConfigurationList;
			buildConfigurations = (
				1D6058940D05DD3E006BFB54 /* Debug */,
				1D6058950D05DD3E006BFB54 /* Release */,
				3CA7D3AC0EBDCDE400565EC2 /* Distribution */,
			);
			defaultConfigurationIsVisible = 0;
			defaultConfigurationName = Release;
		};
		C01FCF4E08A954540054247B /* Build configuration list for PBXProject "Lexikon" */ = {
			isa = XCConfigurationList;
			buildConfigurations = (
				C01FCF4F08A954540054247B /* Debug */,
				C01FCF5008A954540054247B /* Release */,
				3CA7D3AB0EBDCDE400565EC2 /* Distribution */,
			);
			defaultConfigurationIsVisible = 0;
			defaultConfigurationName = Release;
		};
/* End XCConfigurationList section */
	};
	rootObject = 29B97313FDCFA39411CA2CEA /* Project object */;
}
